
Microsoft Visual Studio Solution File, Format Version 12.00
# Visual Studio 15
VisualStudioVersion = 15.0.26124.0
MinimumVisualStudioVersion = 15.0.26124.0
Project("{FAE04EC0-301F-11D3-BF4B-00C04F79EFBC}") = "MicroServicesLecture", "API\MicroServicesLecture.csproj", "{5CFCD136-AB73-4FF5-958C-C70339738B5E}"
EndProject
Project("{FAE04EC0-301F-11D3-BF4B-00C04F79EFBC}") = "Model", "Model\Model.csproj", "{93DB7261-1AA5-419E-82DB-40569A8BA511}"
EndProject
Global
	GlobalSection(SolutionConfigurationPlatforms) = preSolution
		Debug|Any CPU = Debug|Any CPU
		Debug|x64 = Debug|x64
		Debug|x86 = Debug|x86
		Release|Any CPU = Release|Any CPU
		Release|x64 = Release|x64
		Release|x86 = Release|x86
	EndGlobalSection
	GlobalSection(SolutionProperties) = preSolution
		HideSolutionNode = FALSE
	EndGlobalSection
	GlobalSection(ProjectConfigurationPlatforms) = postSolution
		{5CFCD136-AB73-4FF5-958C-C70339738B5E}.Debug|Any CPU.ActiveCfg = Debug|Any CPU
		{5CFCD136-AB73-4FF5-958C-C70339738B5E}.Debug|Any CPU.Build.0 = Debug|Any CPU
		{5CFCD136-AB73-4FF5-958C-C70339738B5E}.Debug|x64.ActiveCfg = Debug|Any CPU
		{5CFCD136-AB73-4FF5-958C-C70339738B5E}.Debug|x64.Build.0 = Debug|Any CPU
		{5CFCD136-AB73-4FF5-958C-C70339738B5E}.Debug|x86.ActiveCfg = Debug|Any CPU
		{5CFCD136-AB73-4FF5-958C-C70339738B5E}.Debug|x86.Build.0 = Debug|Any CPU
		{5CFCD136-AB73-4FF5-958C-C70339738B5E}.Release|Any CPU.ActiveCfg = Release|Any CPU
		{5CFCD136-AB73-4FF5-958C-C70339738B5E}.Release|Any CPU.Build.0 = Release|Any CPU
		{5CFCD136-AB73-4FF5-958C-C70339738B5E}.Release|x64.ActiveCfg = Release|Any CPU
		{5CFCD136-AB73-4FF5-958C-C70339738B5E}.Release|x64.Build.0 = Release|Any CPU
		{5CFCD136-AB73-4FF5-958C-C70339738B5E}.Release|x86.ActiveCfg = Release|Any CPU
		{5CFCD136-AB73-4FF5-958C-C70339738B5E}.Release|x86.Build.0 = Release|Any CPU
		{93DB7261-1AA5-419E-82DB-40569A8BA511}.Debug|Any CPU.ActiveCfg = Debug|Any CPU
		{93DB7261-1AA5-419E-82DB-40569A8BA511}.Debug|Any CPU.Build.0 = Debug|Any CPU
		{93DB7261-1AA5-419E-82DB-40569A8BA511}.Debug|x64.ActiveCfg = Debug|Any CPU
		{93DB7261-1AA5-419E-82DB-40569A8BA511}.Debug|x64.Build.0 = Debug|Any CPU
		{93DB7261-1AA5-419E-82DB-40569A8BA511}.Debug|x86.ActiveCfg = Debug|Any CPU
		{93DB7261-1AA5-419E-82DB-40569A8BA511}.Debug|x86.Build.0 = Debug|Any CPU
		{93DB7261-1AA5-419E-82DB-40569A8BA511}.Release|Any CPU.ActiveCfg = Release|Any CPU
		{93DB7261-1AA5-419E-82DB-40569A8BA511}.Release|Any CPU.Build.0 = Release|Any CPU
		{93DB7261-1AA5-419E-82DB-40569A8BA511}.Release|x64.ActiveCfg = Release|Any CPU
		{93DB7261-1AA5-419E-82DB-40569A8BA511}.Release|x64.Build.0 = Release|Any CPU
		{93DB7261-1AA5-419E-82DB-40569A8BA511}.Release|x86.ActiveCfg = Release|Any CPU
		{93DB7261-1AA5-419E-82DB-40569A8BA511}.Release|x86.Build.0 = Release|Any CPU
	EndGlobalSection
EndGlobal
